
Microsoft Visual Studio Solution File, Format Version 12.00
# Visual Studio Version 16
VisualStudioVersion = 16.0.29519.181
MinimumVisualStudioVersion = 10.0.40219.1
Project("{FAE04EC0-301F-11D3-BF4B-00C04F79EFBC}") = "Vincall.Service", "vincall.service\Vincall.Service.csproj", "{1BF9D9A6-A0E2-4C34-B2C2-82538BC41E8B}"
EndProject
Project("{FAE04EC0-301F-11D3-BF4B-00C04F79EFBC}") = "Vincall.Infrastructure", "..\vincall.Infrastructure\Vincall.Infrastructure.csproj", "{6F6CB795-DFE7-4EA5-AAC3-0049C4D54B03}"
EndProject
Project("{9A19103F-16F7-4668-BE54-9A1E7A4F7556}") = "Vincall.Application", "..\vincall.Application\Vincall.Application.csproj", "{9921883F-9466-4D76-9791-3259F8054B9D}"
EndProject
Global
	GlobalSection(SolutionConfigurationPlatforms) = preSolution
		Debug|Any CPU = Debug|Any CPU
		Release|Any CPU = Release|Any CPU
	EndGlobalSection
	GlobalSection(ProjectConfigurationPlatforms) = postSolution
		{1BF9D9A6-A0E2-4C34-B2C2-82538BC41E8B}.Debug|Any CPU.ActiveCfg = Debug|Any CPU
		{1BF9D9A6-A0E2-4C34-B2C2-82538BC41E8B}.Debug|Any CPU.Build.0 = Debug|Any CPU
		{1BF9D9A6-A0E2-4C34-B2C2-82538BC41E8B}.Release|Any CPU.ActiveCfg = Release|Any CPU
		{1BF9D9A6-A0E2-4C34-B2C2-82538BC41E8B}.Release|Any CPU.Build.0 = Release|Any CPU
		{6F6CB795-DFE7-4EA5-AAC3-0049C4D54B03}.Debug|Any CPU.ActiveCfg = Debug|Any CPU
		{6F6CB795-DFE7-4EA5-AAC3-0049C4D54B03}.Debug|Any CPU.Build.0 = Debug|Any CPU
		{6F6CB795-DFE7-4EA5-AAC3-0049C4D54B03}.Release|Any CPU.ActiveCfg = Release|Any CPU
		{6F6CB795-DFE7-4EA5-AAC3-0049C4D54B03}.Release|Any CPU.Build.0 = Release|Any CPU
		{9921883F-9466-4D76-9791-3259F8054B9D}.Debug|Any CPU.ActiveCfg = Debug|Any CPU
		{9921883F-9466-4D76-9791-3259F8054B9D}.Debug|Any CPU.Build.0 = Debug|Any CPU
		{9921883F-9466-4D76-9791-3259F8054B9D}.Release|Any CPU.ActiveCfg = Release|Any CPU
		{9921883F-9466-4D76-9791-3259F8054B9D}.Release|Any CPU.Build.0 = Release|Any CPU
	EndGlobalSection
	GlobalSection(SolutionProperties) = preSolution
		HideSolutionNode = FALSE
	EndGlobalSection
	GlobalSection(ExtensibilityGlobals) = postSolution
		SolutionGuid = {170DAE13-1710-4BE4-86EA-C0133406B25E}
	EndGlobalSection
EndGlobal
